PODS:
  - proj4 (4.9.2)

DEPENDENCIES:
  - proj4 (from `./podspecs/proj4.podspec`)

EXTERNAL SOURCES:
  proj4:
    :podspec: "./podspecs/proj4.podspec"

SPEC CHECKSUMS:
  proj4: edb2a6e8ade02488f0bb3f8f52ba8802e83928ba

PODFILE CHECKSUM: e3701a30029bf4d411744eb93687d753b95fdcf4

COCOAPODS: 1.0.0.rc.2
