// !$*UTF8*$!
{
	archiveVersion = 1;
	classes = {
	};
	objectVersion = 46;
	objects = {

/* Begin PBXBuildFile section */
		130A9F961D5EB99D0083E45F /* SHPFileShape.swift in Sources */ = {isa = PBXBuildFile; fileRef = 130A9F951D5EB99D0083E45F /* SHPFileShape.swift */; };
		134AEFF01D675930009877FC /* ByteEncodable.swift in Sources */ = {isa = PBXBuildFile; fileRef = 134AEFEF1D675930009877FC /* ByteEncodable.swift */; };
		136869C51CC929CE00D2DD81 /* Projection.swift in Sources */ = {isa = PBXBuildFile; fileRef = 136869C41CC929CE00D2DD81 /* Projection.swift */; };
		138E4D2A1D60C3D400DDCE64 /* SHPFileShapeDataTypes.swift in Sources */ = {isa = PBXBuildFile; fileRef = 138E4D291D60C3D400DDCE64 /* SHPFileShapeDataTypes.swift */; };
		13EC2A6E1CACC93C000063A1 /* ShapeSwift.h in Headers */ = {isa = PBXBuildFile; fileRef = 13EC2A6D1CACC93C000063A1 /* ShapeSwift.h */; settings = {ATTRIBUTES = (Public, ); }; };
		13EC2A7A1CACC93C000063A1 /* ShapeSwiftTests.swift in Sources */ = {isa = PBXBuildFile; fileRef = 13EC2A791CACC93C000063A1 /* ShapeSwiftTests.swift */; };
		13EC2B141CACCD93000063A1 /* sfsweeproutes.dbf in Resources */ = {isa = PBXBuildFile; fileRef = 13EC2B101CACCD93000063A1 /* sfsweeproutes.dbf */; };
		13EC2B151CACCD93000063A1 /* sfsweeproutes.prj in Resources */ = {isa = PBXBuildFile; fileRef = 13EC2B111CACCD93000063A1 /* sfsweeproutes.prj */; };
		13EC2B161CACCD93000063A1 /* sfsweeproutes.shp in Resources */ = {isa = PBXBuildFile; fileRef = 13EC2B121CACCD93000063A1 /* sfsweeproutes.shp */; };
		13EC2B171CACCD93000063A1 /* sfsweeproutes.shx in Resources */ = {isa = PBXBuildFile; fileRef = 13EC2B131CACCD93000063A1 /* sfsweeproutes.shx */; };
		13EC2B181CACCF3F000063A1 /* sfsweeproutes.shp in Resources */ = {isa = PBXBuildFile; fileRef = 13EC2B121CACCD93000063A1 /* sfsweeproutes.shp */; };
		13EC2B681CB6C3B8000063A1 /* ByteParseable.swift in Sources */ = {isa = PBXBuildFile; fileRef = 13EC2B671CB6C3B8000063A1 /* ByteParseable.swift */; };
		317974567E3A8E5C723D613A /* Pods_ShapeSwiftTests.framework in Frameworks */ = {isa = PBXBuildFile; fileRef = 88B99813E258A70F0B0CC16B /* Pods_ShapeSwiftTests.framework */; };
		4FB2AAC31D66121800CEE708 /* DBFFileHeader.swift in Sources */ = {isa = PBXBuildFile; fileRef = 4FB2AAC11D66121800CEE708 /* DBFFileHeader.swift */; };
		4FB2AAC41D66121800CEE708 /* DBFFileHeaderFlags.swift in Sources */ = {isa = PBXBuildFile; fileRef = 4FB2AAC21D66121800CEE708 /* DBFFileHeaderFlags.swift */; };
		4FE0CF3F1CDE909600DD5F78 /* ByteEncodableTest.swift in Sources */ = {isa = PBXBuildFile; fileRef = 4FE0CF3E1CDE909600DD5F78 /* ByteEncodableTest.swift */; };
		4FE4E1891D6F4D2B0096D529 /* DBFFileHeaderTest.swift in Sources */ = {isa = PBXBuildFile; fileRef = 4FE4E1881D6F4D2B0096D529 /* DBFFileHeaderTest.swift */; };
		4FE4E18B1D6F4EEC0096D529 /* DBFFileDataTypes.swift in Sources */ = {isa = PBXBuildFile; fileRef = 4FE4E18A1D6F4EEC0096D529 /* DBFFileDataTypes.swift */; };
		4FE4E18D1D6F55D40096D529 /* DBFFileParseError.swift in Sources */ = {isa = PBXBuildFile; fileRef = 4FE4E18C1D6F55D40096D529 /* DBFFileParseError.swift */; };
		4FEB3E291CB6300A0012D170 /* DBFFileParser.swift in Sources */ = {isa = PBXBuildFile; fileRef = 4FEB3E281CB6300A0012D170 /* DBFFileParser.swift */; };
		A8ACD6831D4BADF40082357C /* SHPFileMultiPointRecord.swift in Sources */ = {isa = PBXBuildFile; fileRef = A8ACD6721D4BADF40082357C /* SHPFileMultiPointRecord.swift */; };
		A8ACD6841D4BADF40082357C /* SHPFilePolyLineMRecord.swift in Sources */ = {isa = PBXBuildFile; fileRef = A8ACD6731D4BADF40082357C /* SHPFilePolyLineMRecord.swift */; };
		A8ACD68F1D4BADF40082357C /* SHPFileDataParsers.swift in Sources */ = {isa = PBXBuildFile; fileRef = A8ACD67E1D4BADF40082357C /* SHPFileDataParsers.swift */; };
		A8ACD6901D4BADF40082357C /* SHPFileDataTypes.swift in Sources */ = {isa = PBXBuildFile; fileRef = A8ACD67F1D4BADF40082357C /* SHPFileDataTypes.swift */; };
		A8ACD6911D4BADF40082357C /* SHPFileParser.swift in Sources */ = {isa = PBXBuildFile; fileRef = A8ACD6801D4BADF40082357C /* SHPFileParser.swift */; };
		A8ACD6931D4BADF40082357C /* SHPFileRecord.swift in Sources */ = {isa = PBXBuildFile; fileRef = A8ACD6821D4BADF40082357C /* SHPFileRecord.swift */; };
		A8ACD6A21D4BAF5C0082357C /* MultiPatchTest.swift in Sources */ = {isa = PBXBuildFile; fileRef = A8ACD6951D4BAF5C0082357C /* MultiPatchTest.swift */; };
		A8ACD6A31D4BAF5C0082357C /* MultiPointMTest.swift in Sources */ = {isa = PBXBuildFile; fileRef = A8ACD6961D4BAF5C0082357C /* MultiPointMTest.swift */; };
		A8ACD6A41D4BAF5C0082357C /* MultiPointTest.swift in Sources */ = {isa = PBXBuildFile; fileRef = A8ACD6971D4BAF5C0082357C /* MultiPointTest.swift */; };
		A8ACD6A51D4BAF5C0082357C /* MultiPointZTest.swift in Sources */ = {isa = PBXBuildFile; fileRef = A8ACD6981D4BAF5C0082357C /* MultiPointZTest.swift */; };
		A8ACD6A61D4BAF5C0082357C /* PointTest.swift in Sources */ = {isa = PBXBuildFile; fileRef = A8ACD6991D4BAF5C0082357C /* PointTest.swift */; };
		A8ACD6A71D4BAF5C0082357C /* PointZTest.swift in Sources */ = {isa = PBXBuildFile; fileRef = A8ACD69A1D4BAF5C0082357C /* PointZTest.swift */; };
		A8ACD6A81D4BAF5C0082357C /* PolygonMTest.swift in Sources */ = {isa = PBXBuildFile; fileRef = A8ACD69B1D4BAF5C0082357C /* PolygonMTest.swift */; };
		A8ACD6A91D4BAF5C0082357C /* PolygonTest.swift in Sources */ = {isa = PBXBuildFile; fileRef = A8ACD69C1D4BAF5C0082357C /* PolygonTest.swift */; };
		A8ACD6AA1D4BAF5C0082357C /* PolygonZTest.swift in Sources */ = {isa = PBXBuildFile; fileRef = A8ACD69D1D4BAF5C0082357C /* PolygonZTest.swift */; };
		A8ACD6AB1D4BAF5C0082357C /* PolyLineMTest.swift in Sources */ = {isa = PBXBuildFile; fileRef = A8ACD69E1D4BAF5C0082357C /* PolyLineMTest.swift */; };
		A8ACD6AC1D4BAF5C0082357C /* PolyLineTest.swift in Sources */ = {isa = PBXBuildFile; fileRef = A8ACD69F1D4BAF5C0082357C /* PolyLineTest.swift */; };
		A8ACD6AD1D4BAF5C0082357C /* PolyLineZTest.swift in Sources */ = {isa = PBXBuildFile; fileRef = A8ACD6A01D4BAF5C0082357C /* PolyLineZTest.swift */; };
		A8ACD6AE1D4BAF5C0082357C /* RecordParsingTestUtil.swift in Sources */ = {isa = PBXBuildFile; fileRef = A8ACD6A11D4BAF5C0082357C /* RecordParsingTestUtil.swift */; };
		A8D3E8231D79E1E800E57759 /* SHPFilePolyShape.swift in Sources */ = {isa = PBXBuildFile; fileRef = A8D3E8221D79E1E800E57759 /* SHPFilePolyShape.swift */; };
		A8D3E8251D79E25200E57759 /* SHPFilePolygonShape.swift in Sources */ = {isa = PBXBuildFile; fileRef = A8D3E8241D79E25200E57759 /* SHPFilePolygonShape.swift */; };
		A8D63D521D5CE01700FA32C9 /* SHPFileMultiPatchRecord.swift in Sources */ = {isa = PBXBuildFile; fileRef = A8D63D481D5CE01700FA32C9 /* SHPFileMultiPatchRecord.swift */; };
		A8D63D531D5CE01700FA32C9 /* SHPFileMultiPointMRecord.swift in Sources */ = {isa = PBXBuildFile; fileRef = A8D63D491D5CE01700FA32C9 /* SHPFileMultiPointMRecord.swift */; };
		A8D63D541D5CE01700FA32C9 /* SHPFileMultiPointZRecord.swift in Sources */ = {isa = PBXBuildFile; fileRef = A8D63D4A1D5CE01700FA32C9 /* SHPFileMultiPointZRecord.swift */; };
		A8D63D551D5CE01700FA32C9 /* SHPFilePointRecord.swift in Sources */ = {isa = PBXBuildFile; fileRef = A8D63D4B1D5CE01700FA32C9 /* SHPFilePointRecord.swift */; };
		A8D63D561D5CE01700FA32C9 /* SHPFilePointZRecord.swift in Sources */ = {isa = PBXBuildFile; fileRef = A8D63D4C1D5CE01700FA32C9 /* SHPFilePointZRecord.swift */; };
		A8D63D571D5CE01700FA32C9 /* SHPFilePolygonMRecord.swift in Sources */ = {isa = PBXBuildFile; fileRef = A8D63D4D1D5CE01700FA32C9 /* SHPFilePolygonMRecord.swift */; };
		A8D63D581D5CE01700FA32C9 /* SHPFilePolygonRecord.swift in Sources */ = {isa = PBXBuildFile; fileRef = A8D63D4E1D5CE01700FA32C9 /* SHPFilePolygonRecord.swift */; };
		A8D63D591D5CE01700FA32C9 /* SHPFilePolygonZRecord.swift in Sources */ = {isa = PBXBuildFile; fileRef = A8D63D4F1D5CE01700FA32C9 /* SHPFilePolygonZRecord.swift */; };
		A8D63D5A1D5CE01700FA32C9 /* SHPFilePolyLineRecord.swift in Sources */ = {isa = PBXBuildFile; fileRef = A8D63D501D5CE01700FA32C9 /* SHPFilePolyLineRecord.swift */; };
		A8D63D5B1D5CE01700FA32C9 /* SHPFilePolyLineZRecord.swift in Sources */ = {isa = PBXBuildFile; fileRef = A8D63D511D5CE01700FA32C9 /* SHPFilePolyLineZRecord.swift */; };
		A8D63D5D1D5CE08700FA32C9 /* SHPFileHeader.swift in Sources */ = {isa = PBXBuildFile; fileRef = A8D63D5C1D5CE08700FA32C9 /* SHPFileHeader.swift */; };
		A8DA53AA1D53A44B00FCEBCD /* SHPFileRecordHeader.swift in Sources */ = {isa = PBXBuildFile; fileRef = A8DA53A91D53A44B00FCEBCD /* SHPFileRecordHeader.swift */; };
		A8F9C7DF1D79E4EE00D0B886 /* SHPFilePolyLineShape.swift in Sources */ = {isa = PBXBuildFile; fileRef = A8F9C7DE1D79E4EE00D0B886 /* SHPFilePolyLineShape.swift */; };
		A8FEDA2C1D6F535C008AE593 /* SHPFilePointMRecord.swift in Sources */ = {isa = PBXBuildFile; fileRef = A8FEDA2B1D6F535C008AE593 /* SHPFilePointMRecord.swift */; };
		A8FEDA2E1D6F55A9008AE593 /* PointMTest.swift in Sources */ = {isa = PBXBuildFile; fileRef = A8FEDA2D1D6F55A9008AE593 /* PointMTest.swift */; };
		A8FEDA301D6F5759008AE593 /* SHPFilePointShape.swift in Sources */ = {isa = PBXBuildFile; fileRef = A8FEDA2F1D6F5759008AE593 /* SHPFilePointShape.swift */; };
		A8FEDA321D6F57F8008AE593 /* SHPFilePointZShape.swift in Sources */ = {isa = PBXBuildFile; fileRef = A8FEDA311D6F57F8008AE593 /* SHPFilePointZShape.swift */; };
		A8FEDA341D6F5835008AE593 /* SHPFilePointMShape.swift in Sources */ = {isa = PBXBuildFile; fileRef = A8FEDA331D6F5835008AE593 /* SHPFilePointMShape.swift */; };
		C187CADA2482743812C5EAD0 /* Pods_ShapeSwift.framework in Frameworks */ = {isa = PBXBuildFile; fileRef = E6B8E726549B49F7A988F81E /* Pods_ShapeSwift.framework */; };
/* End PBXBuildFile section */

/* Begin PBXContainerItemProxy section */
		13EC2A761CACC93C000063A1 /* PBXContainerItemProxy */ = {
			isa = PBXContainerItemProxy;
			containerPortal = 13EC2A611CACC93C000063A1 /* Project object */;
			proxyType = 1;
			remoteGlobalIDString = 13EC2A691CACC93C000063A1;
			remoteInfo = ShapeSwift;
		};
/* End PBXContainerItemProxy section */

/* Begin PBXFileReference section */
		130A9F951D5EB99D0083E45F /* SHPFileShape.swift */ = {isa = PBXFileReference; fileEncoding = 4; lastKnownFileType = sourcecode.swift; path = SHPFileShape.swift; sourceTree = "<group>"; };
		134AEFEF1D675930009877FC /* ByteEncodable.swift */ = {isa = PBXFileReference; fileEncoding = 4; lastKnownFileType = sourcecode.swift; path = ByteEncodable.swift; sourceTree = "<group>"; };
		136869C41CC929CE00D2DD81 /* Projection.swift */ = {isa = PBXFileReference; fileEncoding = 4; lastKnownFileType = sourcecode.swift; path = Projection.swift; sourceTree = "<group>"; };
		138E4D291D60C3D400DDCE64 /* SHPFileShapeDataTypes.swift */ = {isa = PBXFileReference; fileEncoding = 4; lastKnownFileType = sourcecode.swift; path = SHPFileShapeDataTypes.swift; sourceTree = "<group>"; };
		13EC2A6A1CACC93C000063A1 /* ShapeSwift.framework */ = {isa = PBXFileReference; explicitFileType = wrapper.framework; includeInIndex = 0; path = ShapeSwift.framework; sourceTree = BUILT_PRODUCTS_DIR; };
		13EC2A6D1CACC93C000063A1 /* ShapeSwift.h */ = {isa = PBXFileReference; lastKnownFileType = sourcecode.c.h; path = ShapeSwift.h; sourceTree = "<group>"; };
		13EC2A6F1CACC93C000063A1 /* Info.plist */ = {isa = PBXFileReference; lastKnownFileType = text.plist.xml; path = Info.plist; sourceTree = "<group>"; };
		13EC2A741CACC93C000063A1 /* ShapeSwiftTests.xctest */ = {isa = PBXFileReference; explicitFileType = wrapper.cfbundle; includeInIndex = 0; path = ShapeSwiftTests.xctest; sourceTree = BUILT_PRODUCTS_DIR; };
		13EC2A791CACC93C000063A1 /* ShapeSwiftTests.swift */ = {isa = PBXFileReference; lastKnownFileType = sourcecode.swift; path = ShapeSwiftTests.swift; sourceTree = "<group>"; };
		13EC2A7B1CACC93C000063A1 /* Info.plist */ = {isa = PBXFileReference; lastKnownFileType = text.plist.xml; path = Info.plist; sourceTree = "<group>"; };
		13EC2B101CACCD93000063A1 /* sfsweeproutes.dbf */ = {isa = PBXFileReference; lastKnownFileType = file; path = sfsweeproutes.dbf; sourceTree = "<group>"; };
		13EC2B111CACCD93000063A1 /* sfsweeproutes.prj */ = {isa = PBXFileReference; fileEncoding = 4; lastKnownFileType = text; path = sfsweeproutes.prj; sourceTree = "<group>"; };
		13EC2B121CACCD93000063A1 /* sfsweeproutes.shp */ = {isa = PBXFileReference; lastKnownFileType = file; path = sfsweeproutes.shp; sourceTree = "<group>"; };
		13EC2B131CACCD93000063A1 /* sfsweeproutes.shx */ = {isa = PBXFileReference; lastKnownFileType = file; path = sfsweeproutes.shx; sourceTree = "<group>"; };
		13EC2B671CB6C3B8000063A1 /* ByteParseable.swift */ = {isa = PBXFileReference; fileEncoding = 4; lastKnownFileType = sourcecode.swift; path = ByteParseable.swift; sourceTree = "<group>"; };
		30D4E7846DAA2CCFDE2DE008 /* Pods-ShapeSwiftTests.debug.xcconfig */ = {isa = PBXFileReference; includeInIndex = 1; lastKnownFileType = text.xcconfig; name = "Pods-ShapeSwiftTests.debug.xcconfig"; path = "Pods/Target Support Files/Pods-ShapeSwiftTests/Pods-ShapeSwiftTests.debug.xcconfig"; sourceTree = "<group>"; };
		4FB2AAC11D66121800CEE708 /* DBFFileHeader.swift */ = {isa = PBXFileReference; fileEncoding = 4; lastKnownFileType = sourcecode.swift; path = DBFFileHeader.swift; sourceTree = "<group>"; };
		4FB2AAC21D66121800CEE708 /* DBFFileHeaderFlags.swift */ = {isa = PBXFileReference; fileEncoding = 4; lastKnownFileType = sourcecode.swift; path = DBFFileHeaderFlags.swift; sourceTree = "<group>"; };
		4FE0CF3E1CDE909600DD5F78 /* ByteEncodableTest.swift */ = {isa = PBXFileReference; fileEncoding = 4; lastKnownFileType = sourcecode.swift; path = ByteEncodableTest.swift; sourceTree = "<group>"; };
		4FE4E1881D6F4D2B0096D529 /* DBFFileHeaderTest.swift */ = {isa = PBXFileReference; fileEncoding = 4; lastKnownFileType = sourcecode.swift; path = DBFFileHeaderTest.swift; sourceTree = "<group>"; };
		4FE4E18A1D6F4EEC0096D529 /* DBFFileDataTypes.swift */ = {isa = PBXFileReference; fileEncoding = 4; lastKnownFileType = sourcecode.swift; path = DBFFileDataTypes.swift; sourceTree = "<group>"; };
		4FE4E18C1D6F55D40096D529 /* DBFFileParseError.swift */ = {isa = PBXFileReference; fileEncoding = 4; lastKnownFileType = sourcecode.swift; path = DBFFileParseError.swift; sourceTree = "<group>"; };
		4FEB3E281CB6300A0012D170 /* DBFFileParser.swift */ = {isa = PBXFileReference; fileEncoding = 4; lastKnownFileType = sourcecode.swift; path = DBFFileParser.swift; sourceTree = "<group>"; };
		732F0C2EB9D3DBFF32F7C910 /* Pods-ShapeSwiftTests.release.xcconfig */ = {isa = PBXFileReference; includeInIndex = 1; lastKnownFileType = text.xcconfig; name = "Pods-ShapeSwiftTests.release.xcconfig"; path = "Pods/Target Support Files/Pods-ShapeSwiftTests/Pods-ShapeSwiftTests.release.xcconfig"; sourceTree = "<group>"; };
		88B99813E258A70F0B0CC16B /* Pods_ShapeSwiftTests.framework */ = {isa = PBXFileReference; explicitFileType = wrapper.framework; includeInIndex = 0; path = Pods_ShapeSwiftTests.framework; sourceTree = BUILT_PRODUCTS_DIR; };
		947E94386B5516AECDEFE8F1 /* Pods-ShapeSwift.release.xcconfig */ = {isa = PBXFileReference; includeInIndex = 1; lastKnownFileType = text.xcconfig; name = "Pods-ShapeSwift.release.xcconfig"; path = "Pods/Target Support Files/Pods-ShapeSwift/Pods-ShapeSwift.release.xcconfig"; sourceTree = "<group>"; };
		9BBCF246012B69DBB9870B69 /* Pods-ShapeSwift.debug.xcconfig */ = {isa = PBXFileReference; includeInIndex = 1; lastKnownFileType = text.xcconfig; name = "Pods-ShapeSwift.debug.xcconfig"; path = "Pods/Target Support Files/Pods-ShapeSwift/Pods-ShapeSwift.debug.xcconfig"; sourceTree = "<group>"; };
		A8ACD6721D4BADF40082357C /* SHPFileMultiPointRecord.swift */ = {isa = PBXFileReference; fileEncoding = 4; lastKnownFileType = sourcecode.swift; path = SHPFileMultiPointRecord.swift; sourceTree = "<group>"; };
		A8ACD6731D4BADF40082357C /* SHPFilePolyLineMRecord.swift */ = {isa = PBXFileReference; fileEncoding = 4; lastKnownFileType = sourcecode.swift; path = SHPFilePolyLineMRecord.swift; sourceTree = "<group>"; };
		A8ACD67E1D4BADF40082357C /* SHPFileDataParsers.swift */ = {isa = PBXFileReference; fileEncoding = 4; lastKnownFileType = sourcecode.swift; path = SHPFileDataParsers.swift; sourceTree = "<group>"; };
		A8ACD67F1D4BADF40082357C /* SHPFileDataTypes.swift */ = {isa = PBXFileReference; fileEncoding = 4; lastKnownFileType = sourcecode.swift; path = SHPFileDataTypes.swift; sourceTree = "<group>"; };
		A8ACD6801D4BADF40082357C /* SHPFileParser.swift */ = {isa = PBXFileReference; fileEncoding = 4; lastKnownFileType = sourcecode.swift; path = SHPFileParser.swift; sourceTree = "<group>"; };
		A8ACD6821D4BADF40082357C /* SHPFileRecord.swift */ = {isa = PBXFileReference; fileEncoding = 4; lastKnownFileType = sourcecode.swift; path = SHPFileRecord.swift; sourceTree = "<group>"; };
		A8ACD6951D4BAF5C0082357C /* MultiPatchTest.swift */ = {isa = PBXFileReference; fileEncoding = 4; lastKnownFileType = sourcecode.swift; path = MultiPatchTest.swift; sourceTree = "<group>"; };
		A8ACD6961D4BAF5C0082357C /* MultiPointMTest.swift */ = {isa = PBXFileReference; fileEncoding = 4; lastKnownFileType = sourcecode.swift; path = MultiPointMTest.swift; sourceTree = "<group>"; };
		A8ACD6971D4BAF5C0082357C /* MultiPointTest.swift */ = {isa = PBXFileReference; fileEncoding = 4; lastKnownFileType = sourcecode.swift; path = MultiPointTest.swift; sourceTree = "<group>"; };
		A8ACD6981D4BAF5C0082357C /* MultiPointZTest.swift */ = {isa = PBXFileReference; fileEncoding = 4; lastKnownFileType = sourcecode.swift; path = MultiPointZTest.swift; sourceTree = "<group>"; };
		A8ACD6991D4BAF5C0082357C /* PointTest.swift */ = {isa = PBXFileReference; fileEncoding = 4; lastKnownFileType = sourcecode.swift; path = PointTest.swift; sourceTree = "<group>"; };
		A8ACD69A1D4BAF5C0082357C /* PointZTest.swift */ = {isa = PBXFileReference; fileEncoding = 4; lastKnownFileType = sourcecode.swift; path = PointZTest.swift; sourceTree = "<group>"; };
		A8ACD69B1D4BAF5C0082357C /* PolygonMTest.swift */ = {isa = PBXFileReference; fileEncoding = 4; lastKnownFileType = sourcecode.swift; path = PolygonMTest.swift; sourceTree = "<group>"; };
		A8ACD69C1D4BAF5C0082357C /* PolygonTest.swift */ = {isa = PBXFileReference; fileEncoding = 4; lastKnownFileType = sourcecode.swift; path = PolygonTest.swift; sourceTree = "<group>"; };
		A8ACD69D1D4BAF5C0082357C /* PolygonZTest.swift */ = {isa = PBXFileReference; fileEncoding = 4; lastKnownFileType = sourcecode.swift; path = PolygonZTest.swift; sourceTree = "<group>"; };
		A8ACD69E1D4BAF5C0082357C /* PolyLineMTest.swift */ = {isa = PBXFileReference; fileEncoding = 4; lastKnownFileType = sourcecode.swift; path = PolyLineMTest.swift; sourceTree = "<group>"; };
		A8ACD69F1D4BAF5C0082357C /* PolyLineTest.swift */ = {isa = PBXFileReference; fileEncoding = 4; lastKnownFileType = sourcecode.swift; path = PolyLineTest.swift; sourceTree = "<group>"; };
		A8ACD6A01D4BAF5C0082357C /* PolyLineZTest.swift */ = {isa = PBXFileReference; fileEncoding = 4; lastKnownFileType = sourcecode.swift; path = PolyLineZTest.swift; sourceTree = "<group>"; };
		A8ACD6A11D4BAF5C0082357C /* RecordParsingTestUtil.swift */ = {isa = PBXFileReference; fileEncoding = 4; lastKnownFileType = sourcecode.swift; path = RecordParsingTestUtil.swift; sourceTree = "<group>"; };
		A8D3E8221D79E1E800E57759 /* SHPFilePolyShape.swift */ = {isa = PBXFileReference; fileEncoding = 4; lastKnownFileType = sourcecode.swift; path = SHPFilePolyShape.swift; sourceTree = "<group>"; };
		A8D3E8241D79E25200E57759 /* SHPFilePolygonShape.swift */ = {isa = PBXFileReference; fileEncoding = 4; lastKnownFileType = sourcecode.swift; path = SHPFilePolygonShape.swift; sourceTree = "<group>"; };
		A8D63D481D5CE01700FA32C9 /* SHPFileMultiPatchRecord.swift */ = {isa = PBXFileReference; fileEncoding = 4; lastKnownFileType = sourcecode.swift; path = SHPFileMultiPatchRecord.swift; sourceTree = "<group>"; };
		A8D63D491D5CE01700FA32C9 /* SHPFileMultiPointMRecord.swift */ = {isa = PBXFileReference; fileEncoding = 4; lastKnownFileType = sourcecode.swift; path = SHPFileMultiPointMRecord.swift; sourceTree = "<group>"; };
		A8D63D4A1D5CE01700FA32C9 /* SHPFileMultiPointZRecord.swift */ = {isa = PBXFileReference; fileEncoding = 4; lastKnownFileType = sourcecode.swift; path = SHPFileMultiPointZRecord.swift; sourceTree = "<group>"; };
		A8D63D4B1D5CE01700FA32C9 /* SHPFilePointRecord.swift */ = {isa = PBXFileReference; fileEncoding = 4; lastKnownFileType = sourcecode.swift; path = SHPFilePointRecord.swift; sourceTree = "<group>"; };
		A8D63D4C1D5CE01700FA32C9 /* SHPFilePointZRecord.swift */ = {isa = PBXFileReference; fileEncoding = 4; lastKnownFileType = sourcecode.swift; path = SHPFilePointZRecord.swift; sourceTree = "<group>"; };
		A8D63D4D1D5CE01700FA32C9 /* SHPFilePolygonMRecord.swift */ = {isa = PBXFileReference; fileEncoding = 4; lastKnownFileType = sourcecode.swift; path = SHPFilePolygonMRecord.swift; sourceTree = "<group>"; };
		A8D63D4E1D5CE01700FA32C9 /* SHPFilePolygonRecord.swift */ = {isa = PBXFileReference; fileEncoding = 4; lastKnownFileType = sourcecode.swift; path = SHPFilePolygonRecord.swift; sourceTree = "<group>"; };
		A8D63D4F1D5CE01700FA32C9 /* SHPFilePolygonZRecord.swift */ = {isa = PBXFileReference; fileEncoding = 4; lastKnownFileType = sourcecode.swift; path = SHPFilePolygonZRecord.swift; sourceTree = "<group>"; };
		A8D63D501D5CE01700FA32C9 /* SHPFilePolyLineRecord.swift */ = {isa = PBXFileReference; fileEncoding = 4; lastKnownFileType = sourcecode.swift; path = SHPFilePolyLineRecord.swift; sourceTree = "<group>"; };
		A8D63D511D5CE01700FA32C9 /* SHPFilePolyLineZRecord.swift */ = {isa = PBXFileReference; fileEncoding = 4; lastKnownFileType = sourcecode.swift; path = SHPFilePolyLineZRecord.swift; sourceTree = "<group>"; };
		A8D63D5C1D5CE08700FA32C9 /* SHPFileHeader.swift */ = {isa = PBXFileReference; fileEncoding = 4; lastKnownFileType = sourcecode.swift; path = SHPFileHeader.swift; sourceTree = "<group>"; };
		A8DA53A91D53A44B00FCEBCD /* SHPFileRecordHeader.swift */ = {isa = PBXFileReference; fileEncoding = 4; lastKnownFileType = sourcecode.swift; path = SHPFileRecordHeader.swift; sourceTree = "<group>"; };
		A8F9C7DE1D79E4EE00D0B886 /* SHPFilePolyLineShape.swift */ = {isa = PBXFileReference; fileEncoding = 4; lastKnownFileType = sourcecode.swift; path = SHPFilePolyLineShape.swift; sourceTree = "<group>"; };
		A8FEDA2B1D6F535C008AE593 /* SHPFilePointMRecord.swift */ = {isa = PBXFileReference; fileEncoding = 4; lastKnownFileType = sourcecode.swift; path = SHPFilePointMRecord.swift; sourceTree = "<group>"; };
		A8FEDA2D1D6F55A9008AE593 /* PointMTest.swift */ = {isa = PBXFileReference; fileEncoding = 4; lastKnownFileType = sourcecode.swift; path = PointMTest.swift; sourceTree = "<group>"; };
		A8FEDA2F1D6F5759008AE593 /* SHPFilePointShape.swift */ = {isa = PBXFileReference; fileEncoding = 4; lastKnownFileType = sourcecode.swift; path = SHPFilePointShape.swift; sourceTree = "<group>"; };
		A8FEDA311D6F57F8008AE593 /* SHPFilePointZShape.swift */ = {isa = PBXFileReference; fileEncoding = 4; lastKnownFileType = sourcecode.swift; path = SHPFilePointZShape.swift; sourceTree = "<group>"; };
		A8FEDA331D6F5835008AE593 /* SHPFilePointMShape.swift */ = {isa = PBXFileReference; fileEncoding = 4; lastKnownFileType = sourcecode.swift; path = SHPFilePointMShape.swift; sourceTree = "<group>"; };
		E6B8E726549B49F7A988F81E /* Pods_ShapeSwift.framework */ = {isa = PBXFileReference; explicitFileType = wrapper.framework; includeInIndex = 0; path = Pods_ShapeSwift.framework; sourceTree = BUILT_PRODUCTS_DIR; };
/* End PBXFileReference section */

/* Begin PBXFrameworksBuildPhase section */
		13EC2A661CACC93C000063A1 /* Frameworks */ = {
			isa = PBXFrameworksBuildPhase;
			buildActionMask = 2147483647;
			files = (
				C187CADA2482743812C5EAD0 /* Pods_ShapeSwift.framework in Frameworks */,
			);
			runOnlyForDeploymentPostprocessing = 0;
		};
		13EC2A711CACC93C000063A1 /* Frameworks */ = {
			isa = PBXFrameworksBuildPhase;
			buildActionMask = 2147483647;
			files = (
				317974567E3A8E5C723D613A /* Pods_ShapeSwiftTests.framework in Frameworks */,
			);
			runOnlyForDeploymentPostprocessing = 0;
		};
/* End PBXFrameworksBuildPhase section */

/* Begin PBXGroup section */
		041A5BD4D2A2EEC2419EF483 /* Frameworks */ = {
			isa = PBXGroup;
			children = (
				E6B8E726549B49F7A988F81E /* Pods_ShapeSwift.framework */,
				88B99813E258A70F0B0CC16B /* Pods_ShapeSwiftTests.framework */,
			);
			name = Frameworks;
			sourceTree = "<group>";
		};
		130A9F971D5EBAB90083E45F /* Shapes */ = {
			isa = PBXGroup;
			children = (
				A8D3E8241D79E25200E57759 /* SHPFilePolygonShape.swift */,
				A8F9C7DE1D79E4EE00D0B886 /* SHPFilePolyLineShape.swift */,
				A8D3E8221D79E1E800E57759 /* SHPFilePolyShape.swift */,
				A8FEDA331D6F5835008AE593 /* SHPFilePointMShape.swift */,
				A8FEDA2F1D6F5759008AE593 /* SHPFilePointShape.swift */,
				A8FEDA311D6F57F8008AE593 /* SHPFilePointZShape.swift */,
				138E4D291D60C3D400DDCE64 /* SHPFileShapeDataTypes.swift */,
			);
			path = Shapes;
			sourceTree = "<group>";
		};
		13EC2A601CACC93C000063A1 = {
			isa = PBXGroup;
			children = (
				041A5BD4D2A2EEC2419EF483 /* Frameworks */,
				2BD844AAA1345C11F5D61226 /* Pods */,
				13EC2A6B1CACC93C000063A1 /* Products */,
				13EC2A6C1CACC93C000063A1 /* ShapeSwift */,
				13EC2A781CACC93C000063A1 /* ShapeSwiftTests */,
			);
			sourceTree = "<group>";
		};
		13EC2A6B1CACC93C000063A1 /* Products */ = {
			isa = PBXGroup;
			children = (
				13EC2A6A1CACC93C000063A1 /* ShapeSwift.framework */,
				13EC2A741CACC93C000063A1 /* ShapeSwiftTests.xctest */,
			);
			name = Products;
			sourceTree = "<group>";
		};
		13EC2A6C1CACC93C000063A1 /* ShapeSwift */ = {
			isa = PBXGroup;
			children = (
				4FB2AAC01D6611FE00CEE708 /* DBFFile */,
				A8ACD6701D4BADF40082357C /* SHPFile */,
				13EC2B671CB6C3B8000063A1 /* ByteParseable.swift */,
				13EC2A6F1CACC93C000063A1 /* Info.plist */,
				136869C41CC929CE00D2DD81 /* Projection.swift */,
				13EC2A6D1CACC93C000063A1 /* ShapeSwift.h */,
			);
			path = ShapeSwift;
			sourceTree = "<group>";
		};
		13EC2A781CACC93C000063A1 /* ShapeSwiftTests */ = {
			isa = PBXGroup;
			children = (
				4FE4E1871D6F4D0C0096D529 /* DBFFile */,
				A8ACD6941D4BAF5C0082357C /* SHPFile */,
				13EC2B0F1CACCD93000063A1 /* sfsweeproutes */,
				4FE0CF3E1CDE909600DD5F78 /* ByteEncodableTest.swift */,
				13EC2A7B1CACC93C000063A1 /* Info.plist */,
				13EC2A791CACC93C000063A1 /* ShapeSwiftTests.swift */,
			);
			path = ShapeSwiftTests;
			sourceTree = "<group>";
		};
		13EC2B0F1CACCD93000063A1 /* sfsweeproutes */ = {
			isa = PBXGroup;
			children = (
				13EC2B101CACCD93000063A1 /* sfsweeproutes.dbf */,
				13EC2B111CACCD93000063A1 /* sfsweeproutes.prj */,
				13EC2B121CACCD93000063A1 /* sfsweeproutes.shp */,
				13EC2B131CACCD93000063A1 /* sfsweeproutes.shx */,
			);
			path = sfsweeproutes;
			sourceTree = "<group>";
		};
		2BD844AAA1345C11F5D61226 /* Pods */ = {
			isa = PBXGroup;
			children = (
				9BBCF246012B69DBB9870B69 /* Pods-ShapeSwift.debug.xcconfig */,
				947E94386B5516AECDEFE8F1 /* Pods-ShapeSwift.release.xcconfig */,
				30D4E7846DAA2CCFDE2DE008 /* Pods-ShapeSwiftTests.debug.xcconfig */,
				732F0C2EB9D3DBFF32F7C910 /* Pods-ShapeSwiftTests.release.xcconfig */,
			);
			name = Pods;
			sourceTree = "<group>";
		};
		4FB2AAC01D6611FE00CEE708 /* DBFFile */ = {
			isa = PBXGroup;
			children = (
				4FE4E18A1D6F4EEC0096D529 /* DBFFileDataTypes.swift */,
				4FB2AAC11D66121800CEE708 /* DBFFileHeader.swift */,
				4FB2AAC21D66121800CEE708 /* DBFFileHeaderFlags.swift */,
				4FE4E18C1D6F55D40096D529 /* DBFFileParseError.swift */,
				4FEB3E281CB6300A0012D170 /* DBFFileParser.swift */,
			);
			path = DBFFile;
			sourceTree = "<group>";
		};
		4FE4E1871D6F4D0C0096D529 /* DBFFile */ = {
			isa = PBXGroup;
			children = (
				4FE4E1881D6F4D2B0096D529 /* DBFFileHeaderTest.swift */,
			);
			path = DBFFile;
			sourceTree = "<group>";
		};
		A8ACD6701D4BADF40082357C /* SHPFile */ = {
			isa = PBXGroup;
			children = (
				A8ACD6711D4BADF40082357C /* Records */,
				130A9F971D5EBAB90083E45F /* Shapes */,
				A8ACD67E1D4BADF40082357C /* SHPFileDataParsers.swift */,
				A8ACD67F1D4BADF40082357C /* SHPFileDataTypes.swift */,
				A8D63D5C1D5CE08700FA32C9 /* SHPFileHeader.swift */,
				A8ACD6801D4BADF40082357C /* SHPFileParser.swift */,
				A8ACD6821D4BADF40082357C /* SHPFileRecord.swift */,
				130A9F951D5EB99D0083E45F /* SHPFileShape.swift */,
			);
			path = SHPFile;
			sourceTree = "<group>";
		};
		A8ACD6711D4BADF40082357C /* Records */ = {
			isa = PBXGroup;
			children = (
				A8D63D481D5CE01700FA32C9 /* SHPFileMultiPatchRecord.swift */,
				A8D63D491D5CE01700FA32C9 /* SHPFileMultiPointMRecord.swift */,
				A8ACD6721D4BADF40082357C /* SHPFileMultiPointRecord.swift */,
				A8D63D4A1D5CE01700FA32C9 /* SHPFileMultiPointZRecord.swift */,
				A8FEDA2B1D6F535C008AE593 /* SHPFilePointMRecord.swift */,
				A8D63D4B1D5CE01700FA32C9 /* SHPFilePointRecord.swift */,
				A8D63D4C1D5CE01700FA32C9 /* SHPFilePointZRecord.swift */,
				A8ACD6731D4BADF40082357C /* SHPFilePolyLineMRecord.swift */,
				A8D63D501D5CE01700FA32C9 /* SHPFilePolyLineRecord.swift */,
				A8D63D511D5CE01700FA32C9 /* SHPFilePolyLineZRecord.swift */,
				A8D63D4D1D5CE01700FA32C9 /* SHPFilePolygonMRecord.swift */,
				A8D63D4E1D5CE01700FA32C9 /* SHPFilePolygonRecord.swift */,
				A8D63D4F1D5CE01700FA32C9 /* SHPFilePolygonZRecord.swift */,
				A8DA53A91D53A44B00FCEBCD /* SHPFileRecordHeader.swift */,
			);
			path = Records;
			sourceTree = "<group>";
		};
		A8ACD6941D4BAF5C0082357C /* SHPFile */ = {
			isa = PBXGroup;
			children = (
				134AEFEF1D675930009877FC /* ByteEncodable.swift */,
				A8ACD6951D4BAF5C0082357C /* MultiPatchTest.swift */,
				A8ACD6961D4BAF5C0082357C /* MultiPointMTest.swift */,
				A8ACD6971D4BAF5C0082357C /* MultiPointTest.swift */,
				A8ACD6981D4BAF5C0082357C /* MultiPointZTest.swift */,
				A8FEDA2D1D6F55A9008AE593 /* PointMTest.swift */,
				A8ACD6991D4BAF5C0082357C /* PointTest.swift */,
				A8ACD69A1D4BAF5C0082357C /* PointZTest.swift */,
				A8ACD69E1D4BAF5C0082357C /* PolyLineMTest.swift */,
				A8ACD69F1D4BAF5C0082357C /* PolyLineTest.swift */,
				A8ACD6A01D4BAF5C0082357C /* PolyLineZTest.swift */,
				A8ACD69B1D4BAF5C0082357C /* PolygonMTest.swift */,
				A8ACD69C1D4BAF5C0082357C /* PolygonTest.swift */,
				A8ACD69D1D4BAF5C0082357C /* PolygonZTest.swift */,
				A8ACD6A11D4BAF5C0082357C /* RecordParsingTestUtil.swift */,
			);
			path = SHPFile;
			sourceTree = "<group>";
		};
/* End PBXGroup section */

/* Begin PBXHeadersBuildPhase section */
		13EC2A671CACC93C000063A1 /* Headers */ = {
			isa = PBXHeadersBuildPhase;
			buildActionMask = 2147483647;
			files = (
				13EC2A6E1CACC93C000063A1 /* ShapeSwift.h in Headers */,
			);
			runOnlyForDeploymentPostprocessing = 0;
		};
/* End PBXHeadersBuildPhase section */

/* Begin PBXNativeTarget section */
		13EC2A691CACC93C000063A1 /* ShapeSwift */ = {
			isa = PBXNativeTarget;
			buildConfigurationList = 13EC2A7E1CACC93C000063A1 /* Build configuration list for PBXNativeTarget "ShapeSwift" */;
			buildPhases = (
				07C2F3C479A3C49C3BDE4647 /* [CP] Check Pods Manifest.lock */,
				96F7A1BE21B10837004638C9 /* [CP] Check Pods Manifest.lock */,
				13EC2A651CACC93C000063A1 /* Sources */,
				13EC2A661CACC93C000063A1 /* Frameworks */,
				13EC2A671CACC93C000063A1 /* Headers */,
				13EC2A681CACC93C000063A1 /* Resources */,
				7A6838FE12389E4BD2A2FCFE /* [CP] Copy Pods Resources */,
			);
			buildRules = (
			);
			dependencies = (
			);
			name = ShapeSwift;
			productName = ShapeSwift;
			productReference = 13EC2A6A1CACC93C000063A1 /* ShapeSwift.framework */;
			productType = "com.apple.product-type.framework";
		};
		13EC2A731CACC93C000063A1 /* ShapeSwiftTests */ = {
			isa = PBXNativeTarget;
			buildConfigurationList = 13EC2A811CACC93C000063A1 /* Build configuration list for PBXNativeTarget "ShapeSwiftTests" */;
			buildPhases = (
				D12FF51765E323572786DC7E /* [CP] Check Pods Manifest.lock */,
				AF1C7CEBECCEBD762182C721 /* [CP] Check Pods Manifest.lock */,
				13EC2A701CACC93C000063A1 /* Sources */,
				13EC2A711CACC93C000063A1 /* Frameworks */,
				13EC2A721CACC93C000063A1 /* Resources */,
				E31746EE8E4DFC72AC909300 /* [CP] Embed Pods Frameworks */,
				7765F7FD50D6EB6D8CDBE393 /* [CP] Copy Pods Resources */,
			);
			buildRules = (
			);
			dependencies = (
				13EC2A771CACC93C000063A1 /* PBXTargetDependency */,
			);
			name = ShapeSwiftTests;
			productName = ShapeSwiftTests;
			productReference = 13EC2A741CACC93C000063A1 /* ShapeSwiftTests.xctest */;
			productType = "com.apple.product-type.bundle.unit-test";
		};
/* End PBXNativeTarget section */

/* Begin PBXProject section */
		13EC2A611CACC93C000063A1 /* Project object */ = {
			isa = PBXProject;
			attributes = {
				LastSwiftUpdateCheck = 0730;
				LastUpgradeCheck = 0800;
				ORGANIZATIONNAME = "Benjamin Asher";
				TargetAttributes = {
					13EC2A691CACC93C000063A1 = {
						CreatedOnToolsVersion = 7.3;
						LastSwiftMigration = 0800;
					};
					13EC2A731CACC93C000063A1 = {
						CreatedOnToolsVersion = 7.3;
						LastSwiftMigration = 0800;
					};
				};
			};
			buildConfigurationList = 13EC2A641CACC93C000063A1 /* Build configuration list for PBXProject "ShapeSwift" */;
			compatibilityVersion = "Xcode 3.2";
			developmentRegion = English;
			hasScannedForEncodings = 0;
			knownRegions = (
				en,
			);
			mainGroup = 13EC2A601CACC93C000063A1;
			productRefGroup = 13EC2A6B1CACC93C000063A1 /* Products */;
			projectDirPath = "";
			projectRoot = "";
			targets = (
				13EC2A691CACC93C000063A1 /* ShapeSwift */,
				13EC2A731CACC93C000063A1 /* ShapeSwiftTests */,
			);
		};
/* End PBXProject section */

/* Begin PBXResourcesBuildPhase section */
		13EC2A681CACC93C000063A1 /* Resources */ = {
			isa = PBXResourcesBuildPhase;
			buildActionMask = 2147483647;
			files = (
				13EC2B181CACCF3F000063A1 /* sfsweeproutes.shp in Resources */,
			);
			runOnlyForDeploymentPostprocessing = 0;
		};
		13EC2A721CACC93C000063A1 /* Resources */ = {
			isa = PBXResourcesBuildPhase;
			buildActionMask = 2147483647;
			files = (
				13EC2B151CACCD93000063A1 /* sfsweeproutes.prj in Resources */,
				13EC2B171CACCD93000063A1 /* sfsweeproutes.shx in Resources */,
				13EC2B141CACCD93000063A1 /* sfsweeproutes.dbf in Resources */,
				13EC2B161CACCD93000063A1 /* sfsweeproutes.shp in Resources */,
			);
			runOnlyForDeploymentPostprocessing = 0;
		};
/* End PBXResourcesBuildPhase section */

/* Begin PBXShellScriptBuildPhase section */
		07C2F3C479A3C49C3BDE4647 /* [CP] Check Pods Manifest.lock */ = {
			isa = PBXShellScriptBuildPhase;
			buildActionMask = 2147483647;
			files = (
			);
			inputPaths = (
			);
			name = "[CP] Check Pods Manifest.lock";
			outputPaths = (
			);
			runOnlyForDeploymentPostprocessing = 0;
			shellPath = /bin/sh;
			shellScript = "diff \"${PODS_ROOT}/../Podfile.lock\" \"${PODS_ROOT}/Manifest.lock\" > /dev/null\nif [ $? != 0 ] ; then\n    # print error to STDERR\n    echo \"error: The sandbox is not in sync with the Podfile.lock. Run 'pod install' or update your CocoaPods installation.\" >&2\n    exit 1\nfi\n";
			showEnvVarsInLog = 0;
		};
		7765F7FD50D6EB6D8CDBE393 /* [CP] Copy Pods Resources */ = {
			isa = PBXShellScriptBuildPhase;
			buildActionMask = 2147483647;
			files = (
			);
			inputPaths = (
			);
			name = "[CP] Copy Pods Resources";
			outputPaths = (
			);
			runOnlyForDeploymentPostprocessing = 0;
			shellPath = /bin/sh;
			shellScript = "\"${SRCROOT}/Pods/Target Support Files/Pods-ShapeSwiftTests/Pods-ShapeSwiftTests-resources.sh\"\n";
			showEnvVarsInLog = 0;
		};
		7A6838FE12389E4BD2A2FCFE /* [CP] Copy Pods Resources */ = {
			isa = PBXShellScriptBuildPhase;
			buildActionMask = 2147483647;
			files = (
			);
			inputPaths = (
			);
			name = "[CP] Copy Pods Resources";
			outputPaths = (
			);
			runOnlyForDeploymentPostprocessing = 0;
			shellPath = /bin/sh;
			shellScript = "\"${SRCROOT}/Pods/Target Support Files/Pods-ShapeSwift/Pods-ShapeSwift-resources.sh\"\n";
			showEnvVarsInLog = 0;
		};
		96F7A1BE21B10837004638C9 /* [CP] Check Pods Manifest.lock */ = {
			isa = PBXShellScriptBuildPhase;
			buildActionMask = 2147483647;
			files = (
			);
			inputPaths = (
			);
			name = "[CP] Check Pods Manifest.lock";
			outputPaths = (
			);
			runOnlyForDeploymentPostprocessing = 0;
			shellPath = /bin/sh;
			shellScript = "diff \"${PODS_ROOT}/../Podfile.lock\" \"${PODS_ROOT}/Manifest.lock\" > /dev/null\nif [[ $? != 0 ]] ; then\n    cat << EOM\nerror: The sandbox is not in sync with the Podfile.lock. Run 'pod install' or update your CocoaPods installation.\nEOM\n    exit 1\nfi\n";
			showEnvVarsInLog = 0;
		};
		AF1C7CEBECCEBD762182C721 /* [CP] Check Pods Manifest.lock */ = {
			isa = PBXShellScriptBuildPhase;
			buildActionMask = 2147483647;
			files = (
			);
			inputPaths = (
			);
			name = "[CP] Check Pods Manifest.lock";
			outputPaths = (
			);
			runOnlyForDeploymentPostprocessing = 0;
			shellPath = /bin/sh;
			shellScript = "diff \"${PODS_ROOT}/../Podfile.lock\" \"${PODS_ROOT}/Manifest.lock\" > /dev/null\nif [[ $? != 0 ]] ; then\n    cat << EOM\nerror: The sandbox is not in sync with the Podfile.lock. Run 'pod install' or update your CocoaPods installation.\nEOM\n    exit 1\nfi\n";
			showEnvVarsInLog = 0;
		};
		D12FF51765E323572786DC7E /* [CP] Check Pods Manifest.lock */ = {
			isa = PBXShellScriptBuildPhase;
			buildActionMask = 2147483647;
			files = (
			);
			inputPaths = (
			);
			name = "[CP] Check Pods Manifest.lock";
			outputPaths = (
			);
			runOnlyForDeploymentPostprocessing = 0;
			shellPath = /bin/sh;
			shellScript = "diff \"${PODS_ROOT}/../Podfile.lock\" \"${PODS_ROOT}/Manifest.lock\" > /dev/null\nif [ $? != 0 ] ; then\n    # print error to STDERR\n    echo \"error: The sandbox is not in sync with the Podfile.lock. Run 'pod install' or update your CocoaPods installation.\" >&2\n    exit 1\nfi\n";
			showEnvVarsInLog = 0;
		};
		E31746EE8E4DFC72AC909300 /* [CP] Embed Pods Frameworks */ = {
			isa = PBXShellScriptBuildPhase;
			buildActionMask = 2147483647;
			files = (
			);
			inputPaths = (
			);
			name = "[CP] Embed Pods Frameworks";
			outputPaths = (
			);
			runOnlyForDeploymentPostprocessing = 0;
			shellPath = /bin/sh;
			shellScript = "\"${SRCROOT}/Pods/Target Support Files/Pods-ShapeSwiftTests/Pods-ShapeSwiftTests-frameworks.sh\"\n";
			showEnvVarsInLog = 0;
		};
/* End PBXShellScriptBuildPhase section */

/* Begin PBXSourcesBuildPhase section */
		13EC2A651CACC93C000063A1 /* Sources */ = {
			isa = PBXSourcesBuildPhase;
			buildActionMask = 2147483647;
			files = (
				136869C51CC929CE00D2DD81 /* Projection.swift in Sources */,
				A8ACD68F1D4BADF40082357C /* SHPFileDataParsers.swift in Sources */,
				A8D63D581D5CE01700FA32C9 /* SHPFilePolygonRecord.swift in Sources */,
				4FB2AAC31D66121800CEE708 /* DBFFileHeader.swift in Sources */,
				130A9F961D5EB99D0083E45F /* SHPFileShape.swift in Sources */,
				A8FEDA321D6F57F8008AE593 /* SHPFilePointZShape.swift in Sources */,
				A8D63D5A1D5CE01700FA32C9 /* SHPFilePolyLineRecord.swift in Sources */,
				A8ACD6831D4BADF40082357C /* SHPFileMultiPointRecord.swift in Sources */,
				A8ACD6911D4BADF40082357C /* SHPFileParser.swift in Sources */,
				A8D63D541D5CE01700FA32C9 /* SHPFileMultiPointZRecord.swift in Sources */,
				A8DA53AA1D53A44B00FCEBCD /* SHPFileRecordHeader.swift in Sources */,
				A8D63D591D5CE01700FA32C9 /* SHPFilePolygonZRecord.swift in Sources */,
				A8D63D5B1D5CE01700FA32C9 /* SHPFilePolyLineZRecord.swift in Sources */,
				4FE4E18B1D6F4EEC0096D529 /* DBFFileDataTypes.swift in Sources */,
				4FE4E18D1D6F55D40096D529 /* DBFFileParseError.swift in Sources */,
				A8F9C7DF1D79E4EE00D0B886 /* SHPFilePolyLineShape.swift in Sources */,
				A8D63D561D5CE01700FA32C9 /* SHPFilePointZRecord.swift in Sources */,
				A8FEDA2C1D6F535C008AE593 /* SHPFilePointMRecord.swift in Sources */,
				A8D63D5D1D5CE08700FA32C9 /* SHPFileHeader.swift in Sources */,
				A8D63D571D5CE01700FA32C9 /* SHPFilePolygonMRecord.swift in Sources */,
				A8ACD6901D4BADF40082357C /* SHPFileDataTypes.swift in Sources */,
				138E4D2A1D60C3D400DDCE64 /* SHPFileShapeDataTypes.swift in Sources */,
				4FB2AAC41D66121800CEE708 /* DBFFileHeaderFlags.swift in Sources */,
				A8FEDA301D6F5759008AE593 /* SHPFilePointShape.swift in Sources */,
				A8D63D531D5CE01700FA32C9 /* SHPFileMultiPointMRecord.swift in Sources */,
				A8ACD6841D4BADF40082357C /* SHPFilePolyLineMRecord.swift in Sources */,
				A8D3E8251D79E25200E57759 /* SHPFilePolygonShape.swift in Sources */,
				A8D63D551D5CE01700FA32C9 /* SHPFilePointRecord.swift in Sources */,
				4FEB3E291CB6300A0012D170 /* DBFFileParser.swift in Sources */,
				A8ACD6931D4BADF40082357C /* SHPFileRecord.swift in Sources */,
				A8D63D521D5CE01700FA32C9 /* SHPFileMultiPatchRecord.swift in Sources */,
				A8FEDA341D6F5835008AE593 /* SHPFilePointMShape.swift in Sources */,
				A8D3E8231D79E1E800E57759 /* SHPFilePolyShape.swift in Sources */,
				13EC2B681CB6C3B8000063A1 /* ByteParseable.swift in Sources */,
			);
			runOnlyForDeploymentPostprocessing = 0;
		};
		13EC2A701CACC93C000063A1 /* Sources */ = {
			isa = PBXSourcesBuildPhase;
			buildActionMask = 2147483647;
			files = (
				A8ACD6A41D4BAF5C0082357C /* MultiPointTest.swift in Sources */,
				A8ACD6A21D4BAF5C0082357C /* MultiPatchTest.swift in Sources */,
				A8ACD6A91D4BAF5C0082357C /* PolygonTest.swift in Sources */,
				13EC2A7A1CACC93C000063A1 /* ShapeSwiftTests.swift in Sources */,
				A8ACD6AC1D4BAF5C0082357C /* PolyLineTest.swift in Sources */,
				A8ACD6AA1D4BAF5C0082357C /* PolygonZTest.swift in Sources */,
				A8ACD6A81D4BAF5C0082357C /* PolygonMTest.swift in Sources */,
				4FE4E1891D6F4D2B0096D529 /* DBFFileHeaderTest.swift in Sources */,
				A8ACD6A31D4BAF5C0082357C /* MultiPointMTest.swift in Sources */,
				A8ACD6AD1D4BAF5C0082357C /* PolyLineZTest.swift in Sources */,
				4FE0CF3F1CDE909600DD5F78 /* ByteEncodableTest.swift in Sources */,
				A8ACD6A51D4BAF5C0082357C /* MultiPointZTest.swift in Sources */,
				A8ACD6AE1D4BAF5C0082357C /* RecordParsingTestUtil.swift in Sources */,
				A8ACD6A61D4BAF5C0082357C /* PointTest.swift in Sources */,
				A8ACD6A71D4BAF5C0082357C /* PointZTest.swift in Sources */,
				A8FEDA2E1D6F55A9008AE593 /* PointMTest.swift in Sources */,
				A8ACD6AB1D4BAF5C0082357C /* PolyLineMTest.swift in Sources */,
				134AEFF01D675930009877FC /* ByteEncodable.swift in Sources */,
			);
			runOnlyForDeploymentPostprocessing = 0;
		};
/* End PBXSourcesBuildPhase section */

/* Begin PBXTargetDependency section */
		13EC2A771CACC93C000063A1 /* PBXTargetDependency */ = {
			isa = PBXTargetDependency;
			target = 13EC2A691CACC93C000063A1 /* ShapeSwift */;
			targetProxy = 13EC2A761CACC93C000063A1 /* PBXContainerItemProxy */;
		};
/* End PBXTargetDependency section */

/* Begin XCBuildConfiguration section */
		13EC2A7C1CACC93C000063A1 /* Debug */ = {
			isa = XCBuildConfiguration;
			buildSettings = {
				ALWAYS_SEARCH_USER_PATHS = NO;
				CLANG_ANALYZER_NONNULL = YES;
				CLANG_CXX_LANGUAGE_STANDARD = "gnu++0x";
				CLANG_CXX_LIBRARY = "libc++";
				CLANG_ENABLE_MODULES = YES;
				CLANG_ENABLE_OBJC_ARC = YES;
				CLANG_WARN_BOOL_CONVERSION = YES;
				CLANG_WARN_CONSTANT_CONVERSION = YES;
				CLANG_WARN_DIRECT_OBJC_ISA_USAGE = YES_ERROR;
				CLANG_WARN_EMPTY_BODY = YES;
				CLANG_WARN_ENUM_CONVERSION = YES;
				CLANG_WARN_INFINITE_RECURSION = YES;
				CLANG_WARN_INT_CONVERSION = YES;
				CLANG_WARN_OBJC_ROOT_CLASS = YES_ERROR;
				CLANG_WARN_SUSPICIOUS_MOVE = YES;
				CLANG_WARN_UNREACHABLE_CODE = YES;
				CLANG_WARN__DUPLICATE_METHOD_MATCH = YES;
				"CODE_SIGN_IDENTITY[sdk=iphoneos*]" = "iPhone Developer";
				COPY_PHASE_STRIP = NO;
				CURRENT_PROJECT_VERSION = 1;
				DEBUG_INFORMATION_FORMAT = dwarf;
				ENABLE_STRICT_OBJC_MSGSEND = YES;
				ENABLE_TESTABILITY = YES;
				GCC_C_LANGUAGE_STANDARD = gnu99;
				GCC_DYNAMIC_NO_PIC = NO;
				GCC_NO_COMMON_BLOCKS = YES;
				GCC_OPTIMIZATION_LEVEL = 0;
				GCC_PREPROCESSOR_DEFINITIONS = (
					"DEBUG=1",
					"$(inherited)",
				);
				GCC_WARN_64_TO_32_BIT_CONVERSION = YES;
				GCC_WARN_ABOUT_RETURN_TYPE = YES_ERROR;
				GCC_WARN_UNDECLARED_SELECTOR = YES;
				GCC_WARN_UNINITIALIZED_AUTOS = YES_AGGRESSIVE;
				GCC_WARN_UNUSED_FUNCTION = YES;
				GCC_WARN_UNUSED_VARIABLE = YES;
				IPHONEOS_DEPLOYMENT_TARGET = 9.3;
				MTL_ENABLE_DEBUG_INFO = YES;
				ONLY_ACTIVE_ARCH = YES;
				SDKROOT = iphoneos;
				SWIFT_OPTIMIZATION_LEVEL = "-Onone";
				TARGETED_DEVICE_FAMILY = "1,2";
				VERSIONING_SYSTEM = "apple-generic";
				VERSION_INFO_PREFIX = "";
			};
			name = Debug;
		};
		13EC2A7D1CACC93C000063A1 /* Release */ = {
			isa = XCBuildConfiguration;
			buildSettings = {
				ALWAYS_SEARCH_USER_PATHS = NO;
				CLANG_ANALYZER_NONNULL = YES;
				CLANG_CXX_LANGUAGE_STANDARD = "gnu++0x";
				CLANG_CXX_LIBRARY = "libc++";
				CLANG_ENABLE_MODULES = YES;
				CLANG_ENABLE_OBJC_ARC = YES;
				CLANG_WARN_BOOL_CONVERSION = YES;
				CLANG_WARN_CONSTANT_CONVERSION = YES;
				CLANG_WARN_DIRECT_OBJC_ISA_USAGE = YES_ERROR;
				CLANG_WARN_EMPTY_BODY = YES;
				CLANG_WARN_ENUM_CONVERSION = YES;
				CLANG_WARN_INFINITE_RECURSION = YES;
				CLANG_WARN_INT_CONVERSION = YES;
				CLANG_WARN_OBJC_ROOT_CLASS = YES_ERROR;
				CLANG_WARN_SUSPICIOUS_MOVE = YES;
				CLANG_WARN_UNREACHABLE_CODE = YES;
				CLANG_WARN__DUPLICATE_METHOD_MATCH = YES;
				"CODE_SIGN_IDENTITY[sdk=iphoneos*]" = "iPhone Developer";
				COPY_PHASE_STRIP = NO;
				CURRENT_PROJECT_VERSION = 1;
				DEBUG_INFORMATION_FORMAT = "dwarf-with-dsym";
				ENABLE_NS_ASSERTIONS = NO;
				ENABLE_STRICT_OBJC_MSGSEND = YES;
				GCC_C_LANGUAGE_STANDARD = gnu99;
				GCC_NO_COMMON_BLOCKS = YES;
				GCC_WARN_64_TO_32_BIT_CONVERSION = YES;
				GCC_WARN_ABOUT_RETURN_TYPE = YES_ERROR;
				GCC_WARN_UNDECLARED_SELECTOR = YES;
				GCC_WARN_UNINITIALIZED_AUTOS = YES_AGGRESSIVE;
				GCC_WARN_UNUSED_FUNCTION = YES;
				GCC_WARN_UNUSED_VARIABLE = YES;
				IPHONEOS_DEPLOYMENT_TARGET = 9.3;
				MTL_ENABLE_DEBUG_INFO = NO;
				SDKROOT = iphoneos;
				SWIFT_OPTIMIZATION_LEVEL = "-Owholemodule";
				TARGETED_DEVICE_FAMILY = "1,2";
				VALIDATE_PRODUCT = YES;
				VERSIONING_SYSTEM = "apple-generic";
				VERSION_INFO_PREFIX = "";
			};
			name = Release;
		};
		13EC2A7F1CACC93C000063A1 /* Debug */ = {
			isa = XCBuildConfiguration;
			baseConfigurationReference = 9BBCF246012B69DBB9870B69 /* Pods-ShapeSwift.debug.xcconfig */;
			buildSettings = {
				CLANG_ENABLE_MODULES = YES;
				"CODE_SIGN_IDENTITY[sdk=iphoneos*]" = "";
				DEFINES_MODULE = YES;
				DYLIB_COMPATIBILITY_VERSION = 1;
				DYLIB_CURRENT_VERSION = 1;
				DYLIB_INSTALL_NAME_BASE = "@rpath";
				INFOPLIST_FILE = ShapeSwift/Info.plist;
				INSTALL_PATH = "$(LOCAL_LIBRARY_DIR)/Frameworks";
				LD_RUNPATH_SEARCH_PATHS = "$(inherited) @executable_path/Frameworks @loader_path/Frameworks";
				PRODUCT_BUNDLE_IDENTIFIER = benasher44.ShapeSwift;
				PRODUCT_NAME = "$(TARGET_NAME)";
				SKIP_INSTALL = YES;
				SWIFT_VERSION = 3.0;
			};
			name = Debug;
		};
		13EC2A801CACC93C000063A1 /* Release */ = {
			isa = XCBuildConfiguration;
			baseConfigurationReference = 947E94386B5516AECDEFE8F1 /* Pods-ShapeSwift.release.xcconfig */;
			buildSettings = {
				CLANG_ENABLE_MODULES = YES;
				"CODE_SIGN_IDENTITY[sdk=iphoneos*]" = "";
				DEFINES_MODULE = YES;
				DYLIB_COMPATIBILITY_VERSION = 1;
				DYLIB_CURRENT_VERSION = 1;
				DYLIB_INSTALL_NAME_BASE = "@rpath";
				INFOPLIST_FILE = ShapeSwift/Info.plist;
				INSTALL_PATH = "$(LOCAL_LIBRARY_DIR)/Frameworks";
				LD_RUNPATH_SEARCH_PATHS = "$(inherited) @executable_path/Frameworks @loader_path/Frameworks";
				PRODUCT_BUNDLE_IDENTIFIER = benasher44.ShapeSwift;
				PRODUCT_NAME = "$(TARGET_NAME)";
				SKIP_INSTALL = YES;
				SWIFT_VERSION = 3.0;
			};
			name = Release;
		};
		13EC2A821CACC93C000063A1 /* Debug */ = {
			isa = XCBuildConfiguration;
			baseConfigurationReference = 30D4E7846DAA2CCFDE2DE008 /* Pods-ShapeSwiftTests.debug.xcconfig */;
			buildSettings = {
				ENABLE_BITCODE = NO;
				INFOPLIST_FILE = ShapeSwiftTests/Info.plist;
				LD_RUNPATH_SEARCH_PATHS = "$(inherited) @executable_path/Frameworks @loader_path/Frameworks";
				PRODUCT_BUNDLE_IDENTIFIER = benasher44.ShapeSwiftTests;
				PRODUCT_NAME = "$(TARGET_NAME)";
				SWIFT_VERSION = 3.0;
			};
			name = Debug;
		};
		13EC2A831CACC93C000063A1 /* Release */ = {
			isa = XCBuildConfiguration;
			baseConfigurationReference = 732F0C2EB9D3DBFF32F7C910 /* Pods-ShapeSwiftTests.release.xcconfig */;
			buildSettings = {
				ENABLE_BITCODE = NO;
				INFOPLIST_FILE = ShapeSwiftTests/Info.plist;
				LD_RUNPATH_SEARCH_PATHS = "$(inherited) @executable_path/Frameworks @loader_path/Frameworks";
				PRODUCT_BUNDLE_IDENTIFIER = benasher44.ShapeSwiftTests;
				PRODUCT_NAME = "$(TARGET_NAME)";
				SWIFT_VERSION = 3.0;
			};
			name = Release;
		};
/* End XCBuildConfiguration section */

/* Begin XCConfigurationList section */
		13EC2A641CACC93C000063A1 /* Build configuration list for PBXProject "ShapeSwift" */ = {
			isa = XCConfigurationList;
			buildConfigurations = (
				13EC2A7C1CACC93C000063A1 /* Debug */,
				13EC2A7D1CACC93C000063A1 /* Release */,
			);
			defaultConfigurationIsVisible = 0;
			defaultConfigurationName = Release;
		};
		13EC2A7E1CACC93C000063A1 /* Build configuration list for PBXNativeTarget "ShapeSwift" */ = {
			isa = XCConfigurationList;
			buildConfigurations = (
				13EC2A7F1CACC93C000063A1 /* Debug */,
				13EC2A801CACC93C000063A1 /* Release */,
			);
			defaultConfigurationIsVisible = 0;
			defaultConfigurationName = Release;
		};
		13EC2A811CACC93C000063A1 /* Build configuration list for PBXNativeTarget "ShapeSwiftTests" */ = {
			isa = XCConfigurationList;
			buildConfigurations = (
				13EC2A821CACC93C000063A1 /* Debug */,
				13EC2A831CACC93C000063A1 /* Release */,
			);
			defaultConfigurationIsVisible = 0;
			defaultConfigurationName = Release;
		};
/* End XCConfigurationList section */
	};
	rootObject = 13EC2A611CACC93C000063A1 /* Project object */;
}
